PODS:
  - C2CB-iOS-Library (0.1.4):
    - TwilioVoice
  - TwilioVoice (6.10.0)

DEPENDENCIES:
  - C2CB-iOS-Library (from `../`)

SPEC REPOS:
  trunk:
    - TwilioVoice

EXTERNAL SOURCES:
  C2CB-iOS-Library:
    :path: "../"

SPEC CHECKSUMS:
  C2CB-iOS-Library: 560d531cbb3ae27064b1d7703bb31666c5d2bc73
  TwilioVoice: 3a2f8bf8112be77d94db8fe8068e4e673e1195e0

PODFILE CHECKSUM: e86ee758318e9ba6df0f1f53ce6dafd90b837549

COCOAPODS: 1.14.3
